
Microsoft Visual Studio Solution File, Format Version 12.00
# Visual Studio Version 16
VisualStudioVersion = 16.0.29920.165
MinimumVisualStudioVersion = 10.0.40219.1
Project("{9A19103F-16F7-4668-BE54-9A1E7A4F7556}") = "SeleniumWebDriver", "SeleniumWebDriver\SeleniumWebDriver.csproj", "{3C3E603B-AC32-4B93-AFBF-CA47510CDD07}"
EndProject
Project("{FAE04EC0-301F-11D3-BF4B-00C04F79EFBC}") = "CreditCard", "CreditCard\CreditCard.csproj", "{0911162C-B481-4A3B-8EDE-90F36F7F499C}"
EndProject
Global
	GlobalSection(SolutionConfigurationPlatforms) = preSolution
		Debug|Any CPU = Debug|Any CPU
		Release|Any CPU = Release|Any CPU
	EndGlobalSection
	GlobalSection(ProjectConfigurationPlatforms) = postSolution
		{3C3E603B-AC32-4B93-AFBF-CA47510CDD07}.Debug|Any CPU.ActiveCfg = Debug|Any CPU
		{3C3E603B-AC32-4B93-AFBF-CA47510CDD07}.Debug|Any CPU.Build.0 = Debug|Any CPU
		{3C3E603B-AC32-4B93-AFBF-CA47510CDD07}.Release|Any CPU.ActiveCfg = Release|Any CPU
		{3C3E603B-AC32-4B93-AFBF-CA47510CDD07}.Release|Any CPU.Build.0 = Release|Any CPU
		{0911162C-B481-4A3B-8EDE-90F36F7F499C}.Debug|Any CPU.ActiveCfg = Debug|Any CPU
		{0911162C-B481-4A3B-8EDE-90F36F7F499C}.Debug|Any CPU.Build.0 = Debug|Any CPU
		{0911162C-B481-4A3B-8EDE-90F36F7F499C}.Release|Any CPU.ActiveCfg = Release|Any CPU
		{0911162C-B481-4A3B-8EDE-90F36F7F499C}.Release|Any CPU.Build.0 = Release|Any CPU
	EndGlobalSection
	GlobalSection(SolutionProperties) = preSolution
		HideSolutionNode = FALSE
	EndGlobalSection
	GlobalSection(ExtensibilityGlobals) = postSolution
		SolutionGuid = {8E33AA16-5B71-4A2E-AB4D-D9C63A694A9A}
	EndGlobalSection
EndGlobal
